
Microsoft Visual Studio Solution File, Format Version 12.00
# Visual Studio Version 16
VisualStudioVersion = 16.0.29709.97
MinimumVisualStudioVersion = 10.0.40219.1
Project("{FAE04EC0-301F-11D3-BF4B-00C04F79EFBC}") = "Controller", "Controller\Controller.csproj", "{BC643816-70E4-477F-979F-082068B7136D}"
EndProject
Project("{FAE04EC0-301F-11D3-BF4B-00C04F79EFBC}") = "UnitTests", "UnitTests\UnitTests.csproj", "{0DBB6FBB-0B80-478B-ABDE-6514C320501E}"
EndProject
Project("{FAE04EC0-301F-11D3-BF4B-00C04F79EFBC}") = "Database", "Database\Database.csproj", "{56829FCB-9E7F-468F-A662-79EDCBB56FA8}"
EndProject
Project("{FAE04EC0-301F-11D3-BF4B-00C04F79EFBC}") = "FunctionLibrary", "FunctionLibrary\FunctionLibrary.csproj", "{C3716FDE-3B9A-402E-A5A9-47594AC8DE48}"
EndProject
Project("{FAE04EC0-301F-11D3-BF4B-00C04F79EFBC}") = "ViewForm", "ViewForm\ViewForm.csproj", "{5D537BE8-AA48-4967-AFE4-85F558B717E1}"
EndProject
Global
	GlobalSection(SolutionConfigurationPlatforms) = preSolution
		Debug|Any CPU = Debug|Any CPU
		Release|Any CPU = Release|Any CPU
	EndGlobalSection
	GlobalSection(ProjectConfigurationPlatforms) = postSolution
		{BC643816-70E4-477F-979F-082068B7136D}.Debug|Any CPU.ActiveCfg = Debug|Any CPU
		{BC643816-70E4-477F-979F-082068B7136D}.Debug|Any CPU.Build.0 = Debug|Any CPU
		{BC643816-70E4-477F-979F-082068B7136D}.Release|Any CPU.ActiveCfg = Release|Any CPU
		{BC643816-70E4-477F-979F-082068B7136D}.Release|Any CPU.Build.0 = Release|Any CPU
		{0DBB6FBB-0B80-478B-ABDE-6514C320501E}.Debug|Any CPU.ActiveCfg = Debug|Any CPU
		{0DBB6FBB-0B80-478B-ABDE-6514C320501E}.Debug|Any CPU.Build.0 = Debug|Any CPU
		{0DBB6FBB-0B80-478B-ABDE-6514C320501E}.Release|Any CPU.ActiveCfg = Release|Any CPU
		{0DBB6FBB-0B80-478B-ABDE-6514C320501E}.Release|Any CPU.Build.0 = Release|Any CPU
		{56829FCB-9E7F-468F-A662-79EDCBB56FA8}.Debug|Any CPU.ActiveCfg = Debug|Any CPU
		{56829FCB-9E7F-468F-A662-79EDCBB56FA8}.Debug|Any CPU.Build.0 = Debug|Any CPU
		{56829FCB-9E7F-468F-A662-79EDCBB56FA8}.Release|Any CPU.ActiveCfg = Release|Any CPU
		{56829FCB-9E7F-468F-A662-79EDCBB56FA8}.Release|Any CPU.Build.0 = Release|Any CPU
		{C3716FDE-3B9A-402E-A5A9-47594AC8DE48}.Debug|Any CPU.ActiveCfg = Debug|Any CPU
		{C3716FDE-3B9A-402E-A5A9-47594AC8DE48}.Debug|Any CPU.Build.0 = Debug|Any CPU
		{C3716FDE-3B9A-402E-A5A9-47594AC8DE48}.Release|Any CPU.ActiveCfg = Release|Any CPU
		{C3716FDE-3B9A-402E-A5A9-47594AC8DE48}.Release|Any CPU.Build.0 = Release|Any CPU
		{5D537BE8-AA48-4967-AFE4-85F558B717E1}.Debug|Any CPU.ActiveCfg = Debug|Any CPU
		{5D537BE8-AA48-4967-AFE4-85F558B717E1}.Debug|Any CPU.Build.0 = Debug|Any CPU
		{5D537BE8-AA48-4967-AFE4-85F558B717E1}.Release|Any CPU.ActiveCfg = Release|Any CPU
		{5D537BE8-AA48-4967-AFE4-85F558B717E1}.Release|Any CPU.Build.0 = Release|Any CPU
	EndGlobalSection
	GlobalSection(SolutionProperties) = preSolution
		HideSolutionNode = FALSE
	EndGlobalSection
	GlobalSection(ExtensibilityGlobals) = postSolution
		SolutionGuid = {E3E22051-09C5-498E-85BF-C064A1F7D5AE}
	EndGlobalSection
EndGlobal
